// !$*UTF8*$!
{
	archiveVersion = 1;
	classes = {
	};
	objectVersion = 77;
	objects = {

/* Begin PBXContainerItemProxy section */
		01E2C0612E69016700915AB0 /* PBXContainerItemProxy */ = {
			isa = PBXContainerItemProxy;
			containerPortal = 01E2C04B2E69016500915AB0 /* Project object */;
			proxyType = 1;
			remoteGlobalIDString = 01E2C0522E69016500915AB0;
			remoteInfo = "Smart Light Teaching";
		};
		01E2C06B2E69016700915AB0 /* PBXContainerItemProxy */ = {
			isa = PBXContainerItemProxy;
			containerPortal = 01E2C04B2E69016500915AB0 /* Project object */;
			proxyType = 1;
			remoteGlobalIDString = 01E2C0522E69016500915AB0;
			remoteInfo = "Smart Light Teaching";
		};
/* End PBXContainerItemProxy section */

/* Begin PBXFileReference section */
		01E2C0532E69016500915AB0 /* Smart Light Teaching.app */ = {isa = PBXFileReference; explicitFileType = wrapper.application; includeInIndex = 0; path = "Smart Light Teaching.app"; sourceTree = BUILT_PRODUCTS_DIR; };
		01E2C0602E69016700915AB0 /* Smart Light TeachingTests.xctest */ = {isa = PBXFileReference; explicitFileType = wrapper.cfbundle; includeInIndex = 0; path = "Smart Light TeachingTests.xctest"; sourceTree = BUILT_PRODUCTS_DIR; };
		01E2C06A2E69016700915AB0 /* Smart Light TeachingUITests.xctest */ = {isa = PBXFileReference; explicitFileType = wrapper.cfbundle; includeInIndex = 0; path = "Smart Light TeachingUITests.xctest"; sourceTree = BUILT_PRODUCTS_DIR; };
/* End PBXFileReference section */

/* Begin PBXFileSystemSynchronizedRootGroup section */
		01E2C0552E69016500915AB0 /* Smart Light Teaching */ = {
			isa = PBXFileSystemSynchronizedRootGroup;
			path = "Smart Light Teaching";
			sourceTree = "<group>";
		};
		01E2C0632E69016700915AB0 /* Smart Light TeachingTests */ = {
			isa = PBXFileSystemSynchronizedRootGroup;
			path = "Smart Light TeachingTests";
			sourceTree = "<group>";
		};
		01E2C06D2E69016700915AB0 /* Smart Light TeachingUITests */ = {
			isa = PBXFileSystemSynchronizedRootGroup;
			path = "Smart Light TeachingUITests";
			sourceTree = "<group>";
		};
/* End PBXFileSystemSynchronizedRootGroup section */

/* Begin PBXFrameworksBuildPhase section */
		01E2C0502E69016500915AB0 /* Frameworks */ = {
			isa = PBXFrameworksBuildPhase;
			buildActionMask = 2147483647;
			files = (
			);
			runOnlyForDeploymentPostprocessing = 0;
		};
		01E2C05D2E69016700915AB0 /* Frameworks */ = {
			isa = PBXFrameworksBuildPhase;
			buildActionMask = 2147483647;
			files = (
			);
			runOnlyForDeploymentPostprocessing = 0;
		};
		01E2C0672E69016700915AB0 /* Frameworks */ = {
			isa = PBXFrameworksBuildPhase;
			buildActionMask = 2147483647;
			files = (
			);
			runOnlyForDeploymentPostprocessing = 0;
		};
/* End PBXFrameworksBuildPhase section */

/* Begin PBXGroup section */
		01E2C04A2E69016500915AB0 = {
			isa = PBXGroup;
			children = (
				01E2C0552E69016500915AB0 /* Smart Light Teaching */,
				01E2C0632E69016700915AB0 /* Smart Light TeachingTests */,
				01E2C06D2E69016700915AB0 /* Smart Light TeachingUITests */,
				01E2C0542E69016500915AB0 /* Products */,
			);
			sourceTree = "<group>";
		};
		01E2C0542E69016500915AB0 /* Products */ = {
			isa = PBXGroup;
			children = (
				01E2C0532E69016500915AB0 /* Smart Light Teaching.app */,
				01E2C0602E69016700915AB0 /* Smart Light TeachingTests.xctest */,
				01E2C06A2E69016700915AB0 /* Smart Light TeachingUITests.xctest */,
			);
			name = Products;
			sourceTree = "<group>";
		};
/* End PBXGroup section */

/* Begin PBXNativeTarget section */
		01E2C0522E69016500915AB0 /* Smart Light Teaching */ = {
			isa = PBXNativeTarget;
			buildConfigurationList = 01E2C0742E69016700915AB0 /* Build configuration list for PBXNativeTarget "Smart Light Teaching" */;
			buildPhases = (
				01E2C04F2E69016500915AB0 /* Sources */,
				01E2C0502E69016500915AB0 /* Frameworks */,
				01E2C0512E69016500915AB0 /* Resources */,
			);
			buildRules = (
			);
			dependencies = (
			);
			fileSystemSynchronizedGroups = (
				01E2C0552E69016500915AB0 /* Smart Light Teaching */,
			);
			name = "Smart Light Teaching";
			packageProductDependencies = (
			);
			productName = "Smart Light Teaching";
			productReference = 01E2C0532E69016500915AB0 /* Smart Light Teaching.app */;
			productType = "com.apple.product-type.application";
		};
		01E2C05F2E69016700915AB0 /* Smart Light TeachingTests */ = {
			isa = PBXNativeTarget;
			buildConfigurationList = 01E2C0772E69016700915AB0 /* Build configuration list for PBXNativeTarget "Smart Light TeachingTests" */;
			buildPhases = (
				01E2C05C2E69016700915AB0 /* Sources */,
				01E2C05D2E69016700915AB0 /* Frameworks */,
				01E2C05E2E69016700915AB0 /* Resources */,
			);
			buildRules = (
			);
			dependencies = (
				01E2C0622E69016700915AB0 /* PBXTargetDependency */,
			);
			fileSystemSynchronizedGroups = (
				01E2C0632E69016700915AB0 /* Smart Light TeachingTests */,
			);
			name = "Smart Light TeachingTests";
			packageProductDependencies = (
			);
			productName = "Smart Light TeachingTests";
			productReference = 01E2C0602E69016700915AB0 /* Smart Light TeachingTests.xctest */;
			productType = "com.apple.product-type.bundle.unit-test";
		};
		01E2C0692E69016700915AB0 /* Smart Light TeachingUITests */ = {
			isa = PBXNativeTarget;
			buildConfigurationList = 01E2C07A2E69016700915AB0 /* Build configuration list for PBXNativeTarget "Smart Light TeachingUITests" */;
			buildPhases = (
				01E2C0662E69016700915AB0 /* Sources */,
				01E2C0672E69016700915AB0 /* Frameworks */,
				01E2C0682E69016700915AB0 /* Resources */,
			);
			buildRules = (
			);
			dependencies = (
				01E2C06C2E69016700915AB0 /* PBXTargetDependency */,
			);
			fileSystemSynchronizedGroups = (
				01E2C06D2E69016700915AB0 /* Smart Light TeachingUITests */,
			);
			name = "Smart Light TeachingUITests";
			packageProductDependencies = (
			);
			productName = "Smart Light TeachingUITests";
			productReference = 01E2C06A2E69016700915AB0 /* Smart Light TeachingUITests.xctest */;
			productType = "com.apple.product-type.bundle.ui-testing";
		};
/* End PBXNativeTarget section */

/* Begin PBXProject section */
		01E2C04B2E69016500915AB0 /* Project object */ = {
			isa = PBXProject;
			attributes = {
				BuildIndependentTargetsInParallel = 1;
				LastSwiftUpdateCheck = 1640;
				LastUpgradeCheck = 1640;
				TargetAttributes = {
					01E2C0522E69016500915AB0 = {
						CreatedOnToolsVersion = 16.4;
					};
					01E2C05F2E69016700915AB0 = {
						CreatedOnToolsVersion = 16.4;
						TestTargetID = 01E2C0522E69016500915AB0;
					};
					01E2C0692E69016700915AB0 = {
						CreatedOnToolsVersion = 16.4;
						TestTargetID = 01E2C0522E69016500915AB0;
					};
				};
			};
			buildConfigurationList = 01E2C04E2E69016500915AB0 /* Build configuration list for PBXProject "Smart Light Teaching" */;
			developmentRegion = en;
			hasScannedForEncodings = 0;
			knownRegions = (
				en,
				Base,
			);
			mainGroup = 01E2C04A2E69016500915AB0;
			minimizedProjectReferenceProxies = 1;
			preferredProjectObjectVersion = 77;
			productRefGroup = 01E2C0542E69016500915AB0 /* Products */;
			projectDirPath = "";
			projectRoot = "";
			targets = (
				01E2C0522E69016500915AB0 /* Smart Light Teaching */,
				01E2C05F2E69016700915AB0 /* Smart Light TeachingTests */,
				01E2C0692E69016700915AB0 /* Smart Light TeachingUITests */,
			);
		};
/* End PBXProject section */

/* Begin PBXResourcesBuildPhase section */
		01E2C0512E69016500915AB0 /* Resources */ = {
			isa = PBXResourcesBuildPhase;
			buildActionMask = 2147483647;
			files = (
			);
			runOnlyForDeploymentPostprocessing = 0;
		};
		01E2C05E2E69016700915AB0 /* Resources */ = {
			isa = PBXResourcesBuildPhase;
			buildActionMask = 2147483647;
			files = (
			);
			runOnlyForDeploymentPostprocessing = 0;
		};
		01E2C0682E69016700915AB0 /* Resources */ = {
			isa = PBXResourcesBuildPhase;
			buildActionMask = 2147483647;
			files = (
			);
			runOnlyForDeploymentPostprocessing = 0;
		};
/* End PBXResourcesBuildPhase section */

/* Begin PBXSourcesBuildPhase section */
		01E2C04F2E69016500915AB0 /* Sources */ = {
			isa = PBXSourcesBuildPhase;
			buildActionMask = 2147483647;
			files = (
			);
			runOnlyForDeploymentPostprocessing = 0;
		};
		01E2C05C2E69016700915AB0 /* Sources */ = {
			isa = PBXSourcesBuildPhase;
			buildActionMask = 2147483647;
			files = (
			);
			runOnlyForDeploymentPostprocessing = 0;
		};
		01E2C0662E69016700915AB0 /* Sources */ = {
			isa = PBXSourcesBuildPhase;
			buildActionMask = 2147483647;
			files = (
			);
			runOnlyForDeploymentPostprocessing = 0;
		};
/* End PBXSourcesBuildPhase section */

/* Begin PBXTargetDependency section */
		01E2C0622E69016700915AB0 /* PBXTargetDependency */ = {
			isa = PBXTargetDependency;
			target = 01E2C0522E69016500915AB0 /* Smart Light Teaching */;
			targetProxy = 01E2C0612E69016700915AB0 /* PBXContainerItemProxy */;
		};
		01E2C06C2E69016700915AB0 /* PBXTargetDependency */ = {
			isa = PBXTargetDependency;
			target = 01E2C0522E69016500915AB0 /* Smart Light Teaching */;
			targetProxy = 01E2C06B2E69016700915AB0 /* PBXContainerItemProxy */;
		};
/* End PBXTargetDependency section */

/* Begin XCBuildConfiguration section */
		01E2C0722E69016700915AB0 /* Debug */ = {
			isa = XCBuildConfiguration;
			buildSettings = {
				ALWAYS_SEARCH_USER_PATHS = NO;
				ASSETCATALOG_COMPILER_GENERATE_SWIFT_ASSET_SYMBOL_EXTENSIONS = YES;
				CLANG_ANALYZER_NONNULL = YES;
				CLANG_ANALYZER_NUMBER_OBJECT_CONVERSION = YES_AGGRESSIVE;
				CLANG_CXX_LANGUAGE_STANDARD = "gnu++20";
				CLANG_ENABLE_MODULES = YES;
				CLANG_ENABLE_OBJC_ARC = YES;
				CLANG_ENABLE_OBJC_WEAK = YES;
				CLANG_WARN_BLOCK_CAPTURE_AUTORELEASING = YES;
				CLANG_WARN_BOOL_CONVERSION = YES;
				CLANG_WARN_COMMA = YES;
				CLANG_WARN_CONSTANT_CONVERSION = YES;
				CLANG_WARN_DEPRECATED_OBJC_IMPLEMENTATIONS = YES;
				CLANG_WARN_DIRECT_OBJC_ISA_USAGE = YES_ERROR;
				CLANG_WARN_DOCUMENTATION_COMMENTS = YES;
				CLANG_WARN_EMPTY_BODY = YES;
				CLANG_WARN_ENUM_CONVERSION = YES;
				CLANG_WARN_INFINITE_RECURSION = YES;
				CLANG_WARN_INT_CONVERSION = YES;
				CLANG_WARN_NON_LITERAL_NULL_CONVERSION = YES;
				CLANG_WARN_OBJC_IMPLICIT_RETAIN_SELF = YES;
				CLANG_WARN_OBJC_LITERAL_CONVERSION = YES;
				CLANG_WARN_OBJC_ROOT_CLASS = YES_ERROR;
				CLANG_WARN_QUOTED_INCLUDE_IN_FRAMEWORK_HEADER = YES;
				CLANG_WARN_RANGE_LOOP_ANALYSIS = YES;
				CLANG_WARN_STRICT_PROTOTYPES = YES;
				CLANG_WARN_SUSPICIOUS_MOVE = YES;
				CLANG_WARN_UNGUARDED_AVAILABILITY = YES_AGGRESSIVE;
				CLANG_WARN_UNREACHABLE_CODE = YES;
				CLANG_WARN__DUPLICATE_METHOD_MATCH = YES;
				COPY_PHASE_STRIP = NO;
				DEBUG_INFORMATION_FORMAT = dwarf;
				ENABLE_STRICT_OBJC_MSGSEND = YES;
				ENABLE_TESTABILITY = YES;
				ENABLE_USER_SCRIPT_SANDBOXING = YES;
				GCC_C_LANGUAGE_STANDARD = gnu17;
				GCC_DYNAMIC_NO_PIC = NO;
				GCC_NO_COMMON_BLOCKS = YES;
				GCC_OPTIMIZATION_LEVEL = 0;
				GCC_PREPROCESSOR_DEFINITIONS = (
					"DEBUG=1",
					"$(inherited)",
				);
				GCC_WARN_64_TO_32_BIT_CONVERSION = YES;
				GCC_WARN_ABOUT_RETURN_TYPE = YES_ERROR;
				GCC_WARN_UNDECLARED_SELECTOR = YES;
				GCC_WARN_UNINITIALIZED_AUTOS = YES_AGGRESSIVE;
				GCC_WARN_UNUSED_FUNCTION = YES;
				GCC_WARN_UNUSED_VARIABLE = YES;
				IPHONEOS_DEPLOYMENT_TARGET = 18.5;
				LOCALIZATION_PREFERS_STRING_CATALOGS = YES;
				MTL_ENABLE_DEBUG_INFO = INCLUDE_SOURCE;
				MTL_FAST_MATH = YES;
				ONLY_ACTIVE_ARCH = YES;
				SDKROOT = iphoneos;
				SWIFT_ACTIVE_COMPILATION_CONDITIONS = "DEBUG $(inherited)";
				SWIFT_OPTIMIZATION_LEVEL = "-Onone";
			};
			name = Debug;
		};
		01E2C0732E69016700915AB0 /* Release */ = {
			isa = XCBuildConfiguration;
			buildSettings = {
				ALWAYS_SEARCH_USER_PATHS = NO;
				ASSETCATALOG_COMPILER_GENERATE_SWIFT_ASSET_SYMBOL_EXTENSIONS = YES;
				CLANG_ANALYZER_NONNULL = YES;
				CLANG_ANALYZER_NUMBER_OBJECT_CONVERSION = YES_AGGRESSIVE;
				CLANG_CXX_LANGUAGE_STANDARD = "gnu++20";
				CLANG_ENABLE_MODULES = YES;
				CLANG_ENABLE_OBJC_ARC = YES;
				CLANG_ENABLE_OBJC_WEAK = YES;
				CLANG_WARN_BLOCK_CAPTURE_AUTORELEASING = YES;
				CLANG_WARN_BOOL_CONVERSION = YES;
				CLANG_WARN_COMMA = YES;
				CLANG_WARN_CONSTANT_CONVERSION = YES;
				CLANG_WARN_DEPRECATED_OBJC_IMPLEMENTATIONS = YES;
				CLANG_WARN_DIRECT_OBJC_ISA_USAGE = YES_ERROR;
				CLANG_WARN_DOCUMENTATION_COMMENTS = YES;
				CLANG_WARN_EMPTY_BODY = YES;
				CLANG_WARN_ENUM_CONVERSION = YES;
				CLANG_WARN_INFINITE_RECURSION = YES;
				CLANG_WARN_INT_CONVERSION = YES;
				CLANG_WARN_NON_LITERAL_NULL_CONVERSION = YES;
				CLANG_WARN_OBJC_IMPLICIT_RETAIN_SELF = YES;
				CLANG_WARN_OBJC_LITERAL_CONVERSION = YES;
				CLANG_WARN_OBJC_ROOT_CLASS = YES_ERROR;
				CLANG_WARN_QUOTED_INCLUDE_IN_FRAMEWORK_HEADER = YES;
				CLANG_WARN_RANGE_LOOP_ANALYSIS = YES;
				CLANG_WARN_STRICT_PROTOTYPES = YES;
				CLANG_WARN_SUSPICIOUS_MOVE = YES;
				CLANG_WARN_UNGUARDED_AVAILABILITY = YES_AGGRESSIVE;
				CLANG_WARN_UNREACHABLE_CODE = YES;
				CLANG_WARN__DUPLICATE_METHOD_MATCH = YES;
				COPY_PHASE_STRIP = NO;
				DEBUG_INFORMATION_FORMAT = "dwarf-with-dsym";
				ENABLE_NS_ASSERTIONS = NO;
				ENABLE_STRICT_OBJC_MSGSEND = YES;
				ENABLE_USER_SCRIPT_SANDBOXING = YES;
				GCC_C_LANGUAGE_STANDARD = gnu17;
				GCC_NO_COMMON_BLOCKS = YES;
				GCC_WARN_64_TO_32_BIT_CONVERSION = YES;
				GCC_WARN_ABOUT_RETURN_TYPE = YES_ERROR;
				GCC_WARN_UNDECLARED_SELECTOR = YES;
				GCC_WARN_UNINITIALIZED_AUTOS = YES_AGGRESSIVE;
				GCC_WARN_UNUSED_FUNCTION = YES;
				GCC_WARN_UNUSED_VARIABLE = YES;
				IPHONEOS_DEPLOYMENT_TARGET = 18.5;
				LOCALIZATION_PREFERS_STRING_CATALOGS = YES;
				MTL_ENABLE_DEBUG_INFO = NO;
				MTL_FAST_MATH = YES;
				SDKROOT = iphoneos;
				SWIFT_COMPILATION_MODE = wholemodule;
				VALIDATE_PRODUCT = YES;
			};
			name = Release;
		};
		01E2C0752E69016700915AB0 /* Debug */ = {
			isa = XCBuildConfiguration;
			buildSettings = {
				ASSETCATALOG_COMPILER_APPICON_NAME = AppIcon;
				ASSETCATALOG_COMPILER_GLOBAL_ACCENT_COLOR_NAME = AccentColor;
				CODE_SIGN_IDENTITY = "Apple Development";
				CODE_SIGN_STYLE = Automatic;
				CURRENT_PROJECT_VERSION = 1;
				DEVELOPMENT_TEAM = J44USA442L;
				ENABLE_PREVIEWS = YES;
				GENERATE_INFOPLIST_FILE = YES;
				INFOPLIST_KEY_UIApplicationSceneManifest_Generation = YES;
				INFOPLIST_KEY_UIApplicationSupportsIndirectInputEvents = YES;
				INFOPLIST_KEY_UILaunchScreen_Generation = YES;
				INFOPLIST_KEY_UISupportedInterfaceOrientations_iPad = "UIInterfaceOrientationPortrait UIInterfaceOrientationPortraitUpsideDown UIInterfaceOrientationLandscapeLeft UIInterfaceOrientationLandscapeRight";
				INFOPLIST_KEY_UISupportedInterfaceOrientations_iPhone = "UIInterfaceOrientationPortrait UIInterfaceOrientationLandscapeLeft UIInterfaceOrientationLandscapeRight";
				LD_RUNPATH_SEARCH_PATHS = (
					"$(inherited)",
					"@executable_path/Frameworks",
				);
				MARKETING_VERSION = 1.0;
				PRODUCT_BUNDLE_IDENTIFIER = com.frank.smartlightteaching3;
				PRODUCT_NAME = "$(TARGET_NAME)";
				PROVISIONING_PROFILE_SPECIFIER = "";
				SWIFT_EMIT_LOC_STRINGS = YES;
				SWIFT_VERSION = 5.0;
				TARGETED_DEVICE_FAMILY = "1,2";
			};
			name = Debug;
		};
		01E2C0762E69016700915AB0 /* Release */ = {
			isa = XCBuildConfiguration;
			buildSettings = {
				ASSETCATALOG_COMPILER_APPICON_NAME = AppIcon;
				ASSETCATALOG_COMPILER_GLOBAL_ACCENT_COLOR_NAME = AccentColor;
				CODE_SIGN_IDENTITY = "Apple Development";
				CODE_SIGN_STYLE = Automatic;
				CURRENT_PROJECT_VERSION = 1;
				DEVELOPMENT_TEAM = J44USA442L;
				ENABLE_PREVIEWS = YES;
				GENERATE_INFOPLIST_FILE = YES;
				INFOPLIST_KEY_UIApplicationSceneManifest_Generation = YES;
				INFOPLIST_KEY_UIApplicationSupportsIndirectInputEvents = YES;
				INFOPLIST_KEY_UILaunchScreen_Generation = YES;
				INFOPLIST_KEY_UISupportedInterfaceOrientations_iPad = "UIInterfaceOrientationPortrait UIInterfaceOrientationPortraitUpsideDown UIInterfaceOrientationLandscapeLeft UIInterfaceOrientationLandscapeRight";
				INFOPLIST_KEY_UISupportedInterfaceOrientations_iPhone = "UIInterfaceOrientationPortrait UIInterfaceOrientationLandscapeLeft UIInterfaceOrientationLandscapeRight";
				LD_RUNPATH_SEARCH_PATHS = (
					"$(inherited)",
					"@executable_path/Frameworks",
				);
				MARKETING_VERSION = 1.0;
				PRODUCT_BUNDLE_IDENTIFIER = com.frank.smartlightteaching3;
				PRODUCT_NAME = "$(TARGET_NAME)";
				PROVISIONING_PROFILE_SPECIFIER = "";
				SWIFT_EMIT_LOC_STRINGS = YES;
				SWIFT_VERSION = 5.0;
				TARGETED_DEVICE_FAMILY = "1,2";
			};
			name = Release;
		};
		01E2C0782E69016700915AB0 /* Debug */ = {
			isa = XCBuildConfiguration;
			buildSettings = {
				BUNDLE_LOADER = "$(TEST_HOST)";
				CODE_SIGN_STYLE = Automatic;
				CURRENT_PROJECT_VERSION = 1;
				GENERATE_INFOPLIST_FILE = YES;
				IPHONEOS_DEPLOYMENT_TARGET = 18.5;
				MARKETING_VERSION = 1.0;
				PRODUCT_BUNDLE_IDENTIFIER = "com.frank.smartlightteaching.Smart-Light-TeachingTests";
				PRODUCT_NAME = "$(TARGET_NAME)";
				SWIFT_EMIT_LOC_STRINGS = NO;
				SWIFT_VERSION = 5.0;
				TARGETED_DEVICE_FAMILY = "1,2";
				TEST_HOST = "$(BUILT_PRODUCTS_DIR)/Smart Light Teaching.app/$(BUNDLE_EXECUTABLE_FOLDER_PATH)/Smart Light Teaching";
			};
			name = Debug;
		};
		01E2C0792E69016700915AB0 /* Release */ = {
			isa = XCBuildConfiguration;
			buildSettings = {
				BUNDLE_LOADER = "$(TEST_HOST)";
				CODE_SIGN_STYLE = Automatic;
				CURRENT_PROJECT_VERSION = 1;
				GENERATE_INFOPLIST_FILE = YES;
				IPHONEOS_DEPLOYMENT_TARGET = 18.5;
				MARKETING_VERSION = 1.0;
				PRODUCT_BUNDLE_IDENTIFIER = "com.frank.smartlightteaching.Smart-Light-TeachingTests";
				PRODUCT_NAME = "$(TARGET_NAME)";
				SWIFT_EMIT_LOC_STRINGS = NO;
				SWIFT_VERSION = 5.0;
				TARGETED_DEVICE_FAMILY = "1,2";
				TEST_HOST = "$(BUILT_PRODUCTS_DIR)/Smart Light Teaching.app/$(BUNDLE_EXECUTABLE_FOLDER_PATH)/Smart Light Teaching";
			};
			name = Release;
		};
		01E2C07B2E69016700915AB0 /* Debug */ = {
			isa = XCBuildConfiguration;
			buildSettings = {
				CODE_SIGN_STYLE = Automatic;
				CURRENT_PROJECT_VERSION = 1;
				GENERATE_INFOPLIST_FILE = YES;
				MARKETING_VERSION = 1.0;
				PRODUCT_BUNDLE_IDENTIFIER = "com.frank.smartlightteaching.Smart-Light-TeachingUITests";
				PRODUCT_NAME = "$(TARGET_NAME)";
				SWIFT_EMIT_LOC_STRINGS = NO;
				SWIFT_VERSION = 5.0;
				TARGETED_DEVICE_FAMILY = "1,2";
				TEST_TARGET_NAME = "Smart Light Teaching";
			};
			name = Debug;
		};
		01E2C07C2E69016700915AB0 /* Release */ = {
			isa = XCBuildConfiguration;
			buildSettings = {
				CODE_SIGN_STYLE = Automatic;
				CURRENT_PROJECT_VERSION = 1;
				GENERATE_INFOPLIST_FILE = YES;
				MARKETING_VERSION = 1.0;
				PRODUCT_BUNDLE_IDENTIFIER = "com.frank.smartlightteaching.Smart-Light-TeachingUITests";
				PRODUCT_NAME = "$(TARGET_NAME)";
				SWIFT_EMIT_LOC_STRINGS = NO;
				SWIFT_VERSION = 5.0;
				TARGETED_DEVICE_FAMILY = "1,2";
				TEST_TARGET_NAME = "Smart Light Teaching";
			};
			name = Release;
		};
/* End XCBuildConfiguration section */

/* Begin XCConfigurationList section */
		01E2C04E2E69016500915AB0 /* Build configuration list for PBXProject "Smart Light Teaching" */ = {
			isa = XCConfigurationList;
			buildConfigurations = (
				01E2C0722E69016700915AB0 /* Debug */,
				01E2C0732E69016700915AB0 /* Release */,
			);
			defaultConfigurationIsVisible = 0;
			defaultConfigurationName = Release;
		};
		01E2C0742E69016700915AB0 /* Build configuration list for PBXNativeTarget "Smart Light Teaching" */ = {
			isa = XCConfigurationList;
			buildConfigurations = (
				01E2C0752E69016700915AB0 /* Debug */,
				01E2C0762E69016700915AB0 /* Release */,
			);
			defaultConfigurationIsVisible = 0;
			defaultConfigurationName = Release;
		};
		01E2C0772E69016700915AB0 /* Build configuration list for PBXNativeTarget "Smart Light TeachingTests" */ = {
			isa = XCConfigurationList;
			buildConfigurations = (
				01E2C0782E69016700915AB0 /* Debug */,
				01E2C0792E69016700915AB0 /* Release */,
			);
			defaultConfigurationIsVisible = 0;
			defaultConfigurationName = Release;
		};
		01E2C07A2E69016700915AB0 /* Build configuration list for PBXNativeTarget "Smart Light TeachingUITests" */ = {
			isa = XCConfigurationList;
			buildConfigurations = (
				01E2C07B2E69016700915AB0 /* Debug */,
				01E2C07C2E69016700915AB0 /* Release */,
			);
			defaultConfigurationIsVisible = 0;
			defaultConfigurationName = Release;
		};
/* End XCConfigurationList section */
	};
	rootObject = 01E2C04B2E69016500915AB0 /* Project object */;
}
